// !$*UTF8*$!
{
	archiveVersion = 1;
	classes = {
	};
	objectVersion = 46;
	objects = {

/* Begin PBXBuildFile section */
		594C3D72194D96A700E2627C /* HostStatistics.m in Sources */ = {isa = PBXBuildFile; fileRef = 594C3D71194D96A700E2627C /* HostStatistics.m */; };
		594C3D73194D96A700E2627C /* HostStatistics.m in Sources */ = {isa = PBXBuildFile; fileRef = 594C3D71194D96A700E2627C /* HostStatistics.m */; };
		5991EB021956BE0200566B8D /* StatsHistory.swift in Sources */ = {isa = PBXBuildFile; fileRef = 5991EB011956BE0200566B8D /* StatsHistory.swift */; };
		5991EB031956BE0200566B8D /* StatsHistory.swift in Sources */ = {isa = PBXBuildFile; fileRef = 5991EB011956BE0200566B8D /* StatsHistory.swift */; };
		5991EB071956CF8100566B8D /* StatsHistory.swift in Sources */ = {isa = PBXBuildFile; fileRef = 5991EB061956CF8100566B8D /* StatsHistory.swift */; };
		5997EB50194369A20047B05A /* main.swift in Sources */ = {isa = PBXBuildFile; fileRef = 5997EB4F194369A20047B05A /* main.swift */; };
		5997EB52194369A20047B05A /* ViewController.swift in Sources */ = {isa = PBXBuildFile; fileRef = 5997EB51194369A20047B05A /* ViewController.swift */; };
		5997EB54194369A20047B05A /* AppDelegate.swift in Sources */ = {isa = PBXBuildFile; fileRef = 5997EB53194369A20047B05A /* AppDelegate.swift */; };
		5997EB56194369A20047B05A /* Images.xcassets in Resources */ = {isa = PBXBuildFile; fileRef = 5997EB55194369A20047B05A /* Images.xcassets */; };
		5997EB59194369A20047B05A /* Main.storyboard in Resources */ = {isa = PBXBuildFile; fileRef = 5997EB57194369A20047B05A /* Main.storyboard */; };
		5997EB65194369A30047B05A /* HostStatistics.swift in Sources */ = {isa = PBXBuildFile; fileRef = 5997EB64194369A30047B05A /* HostStatistics.swift */; };
/* End PBXBuildFile section */

/* Begin PBXContainerItemProxy section */
		5997EB5F194369A30047B05A /* PBXContainerItemProxy */ = {
			isa = PBXContainerItemProxy;
			containerPortal = 5997EB42194369A20047B05A /* Project object */;
			proxyType = 1;
			remoteGlobalIDString = 5997EB49194369A20047B05A;
			remoteInfo = MacFace2;
		};
/* End PBXContainerItemProxy section */

/* Begin PBXFileReference section */
		594BFD6F1957204F0063BAD1 /* MacFace2.entitlements */ = {isa = PBXFileReference; lastKnownFileType = text.xml; path = MacFace2.entitlements; sourceTree = "<group>"; };
		594C3D6E194D8DE800E2627C /* MacFace2-Bridging-Header.h */ = {isa = PBXFileReference; fileEncoding = 4; lastKnownFileType = sourcecode.c.h; path = "MacFace2-Bridging-Header.h"; sourceTree = "<group>"; };
		594C3D6F194D96A600E2627C /* MacFace2Tests-Bridging-Header.h */ = {isa = PBXFileReference; lastKnownFileType = sourcecode.c.h; path = "MacFace2Tests-Bridging-Header.h"; sourceTree = "<group>"; };
		594C3D70194D96A700E2627C /* HostStatistics.h */ = {isa = PBXFileReference; fileEncoding = 4; lastKnownFileType = sourcecode.c.h; path = HostStatistics.h; sourceTree = "<group>"; };
		594C3D71194D96A700E2627C /* HostStatistics.m */ = {isa = PBXFileReference; fileEncoding = 4; lastKnownFileType = sourcecode.c.objc; path = HostStatistics.m; sourceTree = "<group>"; };
		5991EB011956BE0200566B8D /* StatsHistory.swift */ = {isa = PBXFileReference; fileEncoding = 4; lastKnownFileType = sourcecode.swift; path = StatsHistory.swift; sourceTree = "<group>"; };
		5991EB061956CF8100566B8D /* StatsHistory.swift */ = {isa = PBXFileReference; fileEncoding = 4; lastKnownFileType = sourcecode.swift; path = StatsHistory.swift; sourceTree = "<group>"; };
		5997EB4A194369A20047B05A /* MacFace2.app */ = {isa = PBXFileReference; explicitFileType = wrapper.application; includeInIndex = 0; path = MacFace2.app; sourceTree = BUILT_PRODUCTS_DIR; };
		5997EB4E194369A20047B05A /* Info.plist */ = {isa = PBXFileReference; lastKnownFileType = text.plist.xml; path = Info.plist; sourceTree = "<group>"; };
		5997EB4F194369A20047B05A /* main.swift */ = {isa = PBXFileReference; lastKnownFileType = sourcecode.swift; path = main.swift; sourceTree = "<group>"; };
		5997EB51194369A20047B05A /* ViewController.swift */ = {isa = PBXFileReference; lastKnownFileType = sourcecode.swift; path = ViewController.swift; sourceTree = "<group>"; };
		5997EB53194369A20047B05A /* AppDelegate.swift */ = {isa = PBXFileReference; lastKnownFileType = sourcecode.swift; path = AppDelegate.swift; sourceTree = "<group>"; };
		5997EB55194369A20047B05A /* Images.xcassets */ = {isa = PBXFileReference; lastKnownFileType = folder.assetcatalog; path = Images.xcassets; sourceTree = "<group>"; };
		5997EB58194369A20047B05A /* Base */ = {isa = PBXFileReference; lastKnownFileType = file.storyboard; name = Base; path = Base.lproj/Main.storyboard; sourceTree = "<group>"; };
		5997EB5E194369A30047B05A /* MacFace2Tests.xctest */ = {isa = PBXFileReference; explicitFileType = wrapper.cfbundle; includeInIndex = 0; path = MacFace2Tests.xctest; sourceTree = BUILT_PRODUCTS_DIR; };
		5997EB63194369A30047B05A /* Info.plist */ = {isa = PBXFileReference; lastKnownFileType = text.plist.xml; path = Info.plist; sourceTree = "<group>"; };
		5997EB64194369A30047B05A /* HostStatistics.swift */ = {isa = PBXFileReference; lastKnownFileType = sourcecode.swift; path = HostStatistics.swift; sourceTree = "<group>"; };
/* End PBXFileReference section */

/* Begin PBXFrameworksBuildPhase section */
		5997EB47194369A20047B05A /* Frameworks */ = {
			isa = PBXFrameworksBuildPhase;
			buildActionMask = 2147483647;
			files = (
			);
			runOnlyForDeploymentPostprocessing = 0;
		};
		5997EB5B194369A30047B05A /* Frameworks */ = {
			isa = PBXFrameworksBuildPhase;
			buildActionMask = 2147483647;
			files = (
			);
			runOnlyForDeploymentPostprocessing = 0;
		};
/* End PBXFrameworksBuildPhase section */

/* Begin PBXGroup section */
		5997EB41194369A20047B05A = {
			isa = PBXGroup;
			children = (
				5997EB4C194369A20047B05A /* MacFace2 */,
				5997EB61194369A30047B05A /* MacFace2Tests */,
				5997EB4B194369A20047B05A /* Products */,
			);
			sourceTree = "<group>";
		};
		5997EB4B194369A20047B05A /* Products */ = {
			isa = PBXGroup;
			children = (
				5997EB4A194369A20047B05A /* MacFace2.app */,
				5997EB5E194369A30047B05A /* MacFace2Tests.xctest */,
			);
			name = Products;
			sourceTree = "<group>";
		};
		5997EB4C194369A20047B05A /* MacFace2 */ = {
			isa = PBXGroup;
			children = (
				594BFD6F1957204F0063BAD1 /* MacFace2.entitlements */,
				5997EB51194369A20047B05A /* ViewController.swift */,
				5997EB53194369A20047B05A /* AppDelegate.swift */,
				5997EB55194369A20047B05A /* Images.xcassets */,
				5997EB57194369A20047B05A /* Main.storyboard */,
				5997EB4D194369A20047B05A /* Supporting Files */,
				594C3D6E194D8DE800E2627C /* MacFace2-Bridging-Header.h */,
				594C3D70194D96A700E2627C /* HostStatistics.h */,
				594C3D71194D96A700E2627C /* HostStatistics.m */,
				594C3D6F194D96A600E2627C /* MacFace2Tests-Bridging-Header.h */,
				5991EB011956BE0200566B8D /* StatsHistory.swift */,
			);
			path = MacFace2;
			sourceTree = "<group>";
		};
		5997EB4D194369A20047B05A /* Supporting Files */ = {
			isa = PBXGroup;
			children = (
				5997EB4E194369A20047B05A /* Info.plist */,
				5997EB4F194369A20047B05A /* main.swift */,
			);
			name = "Supporting Files";
			sourceTree = "<group>";
		};
		5997EB61194369A30047B05A /* MacFace2Tests */ = {
			isa = PBXGroup;
			children = (
				5997EB64194369A30047B05A /* HostStatistics.swift */,
				5991EB061956CF8100566B8D /* StatsHistory.swift */,
				5997EB62194369A30047B05A /* Supporting Files */,
			);
			path = MacFace2Tests;
			sourceTree = "<group>";
		};
		5997EB62194369A30047B05A /* Supporting Files */ = {
			isa = PBXGroup;
			children = (
				5997EB63194369A30047B05A /* Info.plist */,
			);
			name = "Supporting Files";
			sourceTree = "<group>";
		};
/* End PBXGroup section */

/* Begin PBXNativeTarget section */
		5997EB49194369A20047B05A /* MacFace2 */ = {
			isa = PBXNativeTarget;
			buildConfigurationList = 5997EB68194369A30047B05A /* Build configuration list for PBXNativeTarget "MacFace2" */;
			buildPhases = (
				5997EB46194369A20047B05A /* Sources */,
				5997EB47194369A20047B05A /* Frameworks */,
				5997EB48194369A20047B05A /* Resources */,
			);
			buildRules = (
			);
			dependencies = (
			);
			name = MacFace2;
			productName = MacFace2;
			productReference = 5997EB4A194369A20047B05A /* MacFace2.app */;
			productType = "com.apple.product-type.application";
		};
		5997EB5D194369A30047B05A /* MacFace2Tests */ = {
			isa = PBXNativeTarget;
			buildConfigurationList = 5997EB6B194369A30047B05A /* Build configuration list for PBXNativeTarget "MacFace2Tests" */;
			buildPhases = (
				5997EB5A194369A30047B05A /* Sources */,
				5997EB5B194369A30047B05A /* Frameworks */,
				5997EB5C194369A30047B05A /* Resources */,
			);
			buildRules = (
			);
			dependencies = (
				5997EB60194369A30047B05A /* PBXTargetDependency */,
			);
			name = MacFace2Tests;
			productName = MacFace2Tests;
			productReference = 5997EB5E194369A30047B05A /* MacFace2Tests.xctest */;
			productType = "com.apple.product-type.bundle.unit-test";
		};
/* End PBXNativeTarget section */

/* Begin PBXProject section */
		5997EB42194369A20047B05A /* Project object */ = {
			isa = PBXProject;
			attributes = {
				LastUpgradeCheck = 0600;
				ORGANIZATIONNAME = rryu;
				TargetAttributes = {
					5997EB49194369A20047B05A = {
						CreatedOnToolsVersion = 6.0;
						SystemCapabilities = {
							com.apple.Sandbox = {
								enabled = 1;
							};
						};
					};
					5997EB5D194369A30047B05A = {
						CreatedOnToolsVersion = 6.0;
						TestTargetID = 5997EB49194369A20047B05A;
					};
				};
			};
			buildConfigurationList = 5997EB45194369A20047B05A /* Build configuration list for PBXProject "MacFace2" */;
			compatibilityVersion = "Xcode 3.2";
			developmentRegion = English;
			hasScannedForEncodings = 0;
			knownRegions = (
				en,
				Base,
			);
			mainGroup = 5997EB41194369A20047B05A;
			productRefGroup = 5997EB4B194369A20047B05A /* Products */;
			projectDirPath = "";
			projectRoot = "";
			targets = (
				5997EB49194369A20047B05A /* MacFace2 */,
				5997EB5D194369A30047B05A /* MacFace2Tests */,
			);
		};
/* End PBXProject section */

/* Begin PBXResourcesBuildPhase section */
		5997EB48194369A20047B05A /* Resources */ = {
			isa = PBXResourcesBuildPhase;
			buildActionMask = 2147483647;
			files = (
				5997EB56194369A20047B05A /* Images.xcassets in Resources */,
				5997EB59194369A20047B05A /* Main.storyboard in Resources */,
			);
			runOnlyForDeploymentPostprocessing = 0;
		};
		5997EB5C194369A30047B05A /* Resources */ = {
			isa = PBXResourcesBuildPhase;
			buildActionMask = 2147483647;
			files = (
			);
			runOnlyForDeploymentPostprocessing = 0;
		};
/* End PBXResourcesBuildPhase section */

/* Begin PBXSourcesBuildPhase section */
		5997EB46194369A20047B05A /* Sources */ = {
			isa = PBXSourcesBuildPhase;
			buildActionMask = 2147483647;
			files = (
				5997EB54194369A20047B05A /* AppDelegate.swift in Sources */,
				5997EB52194369A20047B05A /* ViewController.swift in Sources */,
				594C3D72194D96A700E2627C /* HostStatistics.m in Sources */,
				5991EB021956BE0200566B8D /* StatsHistory.swift in Sources */,
				5997EB50194369A20047B05A /* main.swift in Sources */,
			);
			runOnlyForDeploymentPostprocessing = 0;
		};
		5997EB5A194369A30047B05A /* Sources */ = {
			isa = PBXSourcesBuildPhase;
			buildActionMask = 2147483647;
			files = (
				5991EB031956BE0200566B8D /* StatsHistory.swift in Sources */,
				5997EB65194369A30047B05A /* HostStatistics.swift in Sources */,
				5991EB071956CF8100566B8D /* StatsHistory.swift in Sources */,
				594C3D73194D96A700E2627C /* HostStatistics.m in Sources */,
			);
			runOnlyForDeploymentPostprocessing = 0;
		};
/* End PBXSourcesBuildPhase section */

/* Begin PBXTargetDependency section */
		5997EB60194369A30047B05A /* PBXTargetDependency */ = {
			isa = PBXTargetDependency;
			target = 5997EB49194369A20047B05A /* MacFace2 */;
			targetProxy = 5997EB5F194369A30047B05A /* PBXContainerItemProxy */;
		};
/* End PBXTargetDependency section */

/* Begin PBXVariantGroup section */
		5997EB57194369A20047B05A /* Main.storyboard */ = {
			isa = PBXVariantGroup;
			children = (
				5997EB58194369A20047B05A /* Base */,
			);
			name = Main.storyboard;
			sourceTree = "<group>";
		};
/* End PBXVariantGroup section */

/* Begin XCBuildConfiguration section */
		5997EB66194369A30047B05A /* Debug */ = {
			isa = XCBuildConfiguration;
			buildSettings = {
				ALWAYS_SEARCH_USER_PATHS = NO;
				CLANG_CXX_LANGUAGE_STANDARD = "gnu++0x";
				CLANG_CXX_LIBRARY = "libc++";
				CLANG_ENABLE_MODULES = YES;
				CLANG_ENABLE_OBJC_ARC = YES;
				CLANG_WARN_BOOL_CONVERSION = YES;
				CLANG_WARN_CONSTANT_CONVERSION = YES;
				CLANG_WARN_DIRECT_OBJC_ISA_USAGE = YES_ERROR;
				CLANG_WARN_EMPTY_BODY = YES;
				CLANG_WARN_ENUM_CONVERSION = YES;
				CLANG_WARN_INT_CONVERSION = YES;
				CLANG_WARN_OBJC_ROOT_CLASS = YES_ERROR;
				CLANG_WARN_UNREACHABLE_CODE = YES;
				CLANG_WARN__DUPLICATE_METHOD_MATCH = YES;
				CODE_SIGN_IDENTITY = "-";
				COPY_PHASE_STRIP = NO;
				ENABLE_STRICT_OBJC_MSGSEND = YES;
				GCC_C_LANGUAGE_STANDARD = gnu99;
				GCC_DYNAMIC_NO_PIC = NO;
				GCC_OPTIMIZATION_LEVEL = 0;
				GCC_PREPROCESSOR_DEFINITIONS = (
					"DEBUG=1",
					"$(inherited)",
				);
				GCC_SYMBOLS_PRIVATE_EXTERN = NO;
				GCC_WARN_64_TO_32_BIT_CONVERSION = YES;
				GCC_WARN_ABOUT_RETURN_TYPE = YES_ERROR;
				GCC_WARN_UNDECLARED_SELECTOR = YES;
				GCC_WARN_UNINITIALIZED_AUTOS = YES_AGGRESSIVE;
				GCC_WARN_UNUSED_FUNCTION = YES;
				GCC_WARN_UNUSED_VARIABLE = YES;
				MACOSX_DEPLOYMENT_TARGET = 10.10;
				METAL_ENABLE_DEBUG_INFO = YES;
				ONLY_ACTIVE_ARCH = YES;
				SDKROOT = macosx;
				SWIFT_OPTIMIZATION_LEVEL = "-Onone";
			};
			name = Debug;
		};
		5997EB67194369A30047B05A /* Release */ = {
			isa = XCBuildConfiguration;
			buildSettings = {
				ALWAYS_SEARCH_USER_PATHS = NO;
				CLANG_CXX_LANGUAGE_STANDARD = "gnu++0x";
				CLANG_CXX_LIBRARY = "libc++";
				CLANG_ENABLE_MODULES = YES;
				CLANG_ENABLE_OBJC_ARC = YES;
				CLANG_WARN_BOOL_CONVERSION = YES;
				CLANG_WARN_CONSTANT_CONVERSION = YES;
				CLANG_WARN_DIRECT_OBJC_ISA_USAGE = YES_ERROR;
				CLANG_WARN_EMPTY_BODY = YES;
				CLANG_WARN_ENUM_CONVERSION = YES;
				CLANG_WARN_INT_CONVERSION = YES;
				CLANG_WARN_OBJC_ROOT_CLASS = YES_ERROR;
				CLANG_WARN_UNREACHABLE_CODE = YES;
				CLANG_WARN__DUPLICATE_METHOD_MATCH = YES;
				CODE_SIGN_IDENTITY = "-";
				COPY_PHASE_STRIP = YES;
				DEBUG_INFORMATION_FORMAT = "dwarf-with-dsym";
				ENABLE_NS_ASSERTIONS = NO;
				ENABLE_STRICT_OBJC_MSGSEND = YES;
				GCC_C_LANGUAGE_STANDARD = gnu99;
				GCC_WARN_64_TO_32_BIT_CONVERSION = YES;
				GCC_WARN_ABOUT_RETURN_TYPE = YES_ERROR;
				GCC_WARN_UNDECLARED_SELECTOR = YES;
				GCC_WARN_UNINITIALIZED_AUTOS = YES_AGGRESSIVE;
				GCC_WARN_UNUSED_FUNCTION = YES;
				GCC_WARN_UNUSED_VARIABLE = YES;
				MACOSX_DEPLOYMENT_TARGET = 10.10;
				METAL_ENABLE_DEBUG_INFO = NO;
				SDKROOT = macosx;
			};
			name = Release;
		};
		5997EB69194369A30047B05A /* Debug */ = {
			isa = XCBuildConfiguration;
			buildSettings = {
				ASSETCATALOG_COMPILER_APPICON_NAME = AppIcon;
				CODE_SIGN_ENTITLEMENTS = MacFace2/MacFace2.entitlements;
				COMBINE_HIDPI_IMAGES = YES;
				INFOPLIST_FILE = MacFace2/Info.plist;
				LD_RUNPATH_SEARCH_PATHS = "$(inherited) @executable_path/../Frameworks";
				PRODUCT_NAME = "$(TARGET_NAME)";
				SWIFT_INSTALL_OBJC_HEADER = YES;
				SWIFT_OBJC_BRIDGING_HEADER = "MacFace2/MacFace2-Bridging-Header.h";
			};
			name = Debug;
		};
		5997EB6A194369A30047B05A /* Release */ = {
			isa = XCBuildConfiguration;
			buildSettings = {
				ASSETCATALOG_COMPILER_APPICON_NAME = AppIcon;
				CODE_SIGN_ENTITLEMENTS = MacFace2/MacFace2.entitlements;
				COMBINE_HIDPI_IMAGES = YES;
				INFOPLIST_FILE = MacFace2/Info.plist;
				LD_RUNPATH_SEARCH_PATHS = "$(inherited) @executable_path/../Frameworks";
				PRODUCT_NAME = "$(TARGET_NAME)";
				SWIFT_INSTALL_OBJC_HEADER = YES;
				SWIFT_OBJC_BRIDGING_HEADER = "MacFace2/MacFace2-Bridging-Header.h";
			};
			name = Release;
		};
		5997EB6C194369A30047B05A /* Debug */ = {
			isa = XCBuildConfiguration;
			buildSettings = {
				BUNDLE_LOADER = "$(BUILT_PRODUCTS_DIR)/MacFace2.app/Contents/MacOS/MacFace2";
				CLANG_ENABLE_MODULES = YES;
				COMBINE_HIDPI_IMAGES = YES;
				FRAMEWORK_SEARCH_PATHS = (
					"$(DEVELOPER_FRAMEWORKS_DIR)",
					"$(inherited)",
				);
				GCC_PREPROCESSOR_DEFINITIONS = (
					"DEBUG=1",
					"$(inherited)",
				);
				INFOPLIST_FILE = MacFace2Tests/Info.plist;
				LD_RUNPATH_SEARCH_PATHS = "$(inherited) @executable_path/../Frameworks @loader_path/../Frameworks";
				METAL_ENABLE_DEBUG_INFO = YES;
				PRODUCT_NAME = "$(TARGET_NAME)";
				SWIFT_OBJC_BRIDGING_HEADER = "MacFace2/MacFace2Tests-Bridging-Header.h";
				SWIFT_OPTIMIZATION_LEVEL = "-Onone";
				TEST_HOST = "$(BUNDLE_LOADER)";
			};
			name = Debug;
		};
		5997EB6D194369A30047B05A /* Release */ = {
			isa = XCBuildConfiguration;
			buildSettings = {
				BUNDLE_LOADER = "$(BUILT_PRODUCTS_DIR)/MacFace2.app/Contents/MacOS/MacFace2";
				CLANG_ENABLE_MODULES = YES;
				COMBINE_HIDPI_IMAGES = YES;
				FRAMEWORK_SEARCH_PATHS = (
					"$(DEVELOPER_FRAMEWORKS_DIR)",
					"$(inherited)",
				);
				INFOPLIST_FILE = MacFace2Tests/Info.plist;
				LD_RUNPATH_SEARCH_PATHS = "$(inherited) @executable_path/../Frameworks @loader_path/../Frameworks";
				METAL_ENABLE_DEBUG_INFO = NO;
				PRODUCT_NAME = "$(TARGET_NAME)";
				SWIFT_OBJC_BRIDGING_HEADER = "MacFace2/MacFace2Tests-Bridging-Header.h";
				TEST_HOST = "$(BUNDLE_LOADER)";
			};
			name = Release;
		};
/* End XCBuildConfiguration section */

/* Begin XCConfigurationList section */
		5997EB45194369A20047B05A /* Build configuration list for PBXProject "MacFace2" */ = {
			isa = XCConfigurationList;
			buildConfigurations = (
				5997EB66194369A30047B05A /* Debug */,
				5997EB67194369A30047B05A /* Release */,
			);
			defaultConfigurationIsVisible = 0;
			defaultConfigurationName = Release;
		};
		5997EB68194369A30047B05A /* Build configuration list for PBXNativeTarget "MacFace2" */ = {
			isa = XCConfigurationList;
			buildConfigurations = (
				5997EB69194369A30047B05A /* Debug */,
				5997EB6A194369A30047B05A /* Release */,
			);
			defaultConfigurationIsVisible = 0;
			defaultConfigurationName = Release;
		};
		5997EB6B194369A30047B05A /* Build configuration list for PBXNativeTarget "MacFace2Tests" */ = {
			isa = XCConfigurationList;
			buildConfigurations = (
				5997EB6C194369A30047B05A /* Debug */,
				5997EB6D194369A30047B05A /* Release */,
			);
			defaultConfigurationIsVisible = 0;
			defaultConfigurationName = Release;
		};
/* End XCConfigurationList section */
	};
	rootObject = 5997EB42194369A20047B05A /* Project object */;
}
